// !$*UTF8*$!
{
	archiveVersion = 1;
	classes = {
	};
	objectVersion = 50;
	objects = {

/* Begin PBXBuildFile section */
		9D001B74217EC63D00104861 /* VoiceInputConfiguration.swift in Sources */ = {isa = PBXBuildFile; fileRef = 9D001B73217EC63D00104861 /* VoiceInputConfiguration.swift */; };
		9D62928A2126F7BB00D2AF32 /* VoiceManager.swift in Sources */ = {isa = PBXBuildFile; fileRef = 9DD98C612126F0170050F376 /* VoiceManager.swift */; };
		9D62928B2126F7BB00D2AF32 /* VoiceInput.swift in Sources */ = {isa = PBXBuildFile; fileRef = 9DD98B9421245D8F0050F376 /* VoiceInput.swift */; };
		9D62928C2126F7BB00D2AF32 /* VoiceInputDelegate.swift in Sources */ = {isa = PBXBuildFile; fileRef = 9DD98C5F2126EDEE0050F376 /* VoiceInputDelegate.swift */; };
		9D76B7C921CE7EE600A516C6 /* CircleView.swift in Sources */ = {isa = PBXBuildFile; fileRef = 9D76B7C621CE7EE600A516C6 /* CircleView.swift */; };
		9D76B7CB21CE7EE600A516C6 /* CircleViewDelegate.swift in Sources */ = {isa = PBXBuildFile; fileRef = 9D76B7C821CE7EE600A516C6 /* CircleViewDelegate.swift */; };
		9D76B7CF21CE7EF100A516C6 /* SimpleButton.swift in Sources */ = {isa = PBXBuildFile; fileRef = 9D76B7CD21CE7EF100A516C6 /* SimpleButton.swift */; };
		9DD98B8421245D730050F376 /* AppDelegate.swift in Sources */ = {isa = PBXBuildFile; fileRef = 9DD98B8321245D730050F376 /* AppDelegate.swift */; };
		9DD98B8621245D740050F376 /* ViewController.swift in Sources */ = {isa = PBXBuildFile; fileRef = 9DD98B8521245D740050F376 /* ViewController.swift */; };
		9DD98B8921245D740050F376 /* Main.storyboard in Resources */ = {isa = PBXBuildFile; fileRef = 9DD98B8721245D740050F376 /* Main.storyboard */; };
		9DD98B8B21245D740050F376 /* Assets.xcassets in Resources */ = {isa = PBXBuildFile; fileRef = 9DD98B8A21245D740050F376 /* Assets.xcassets */; };
		9DD98B8E21245D740050F376 /* LaunchScreen.storyboard in Resources */ = {isa = PBXBuildFile; fileRef = 9DD98B8C21245D740050F376 /* LaunchScreen.storyboard */; };
/* End PBXBuildFile section */

/* Begin PBXContainerItemProxy section */
		9D2407B021D91582006814D0 /* PBXContainerItemProxy */ = {
			isa = PBXContainerItemProxy;
			containerPortal = 9DD98B6921245D630050F376 /* Project object */;
			proxyType = 1;
			remoteGlobalIDString = 9DD98B7121245D630050F376;
			remoteInfo = VoiceInput;
		};
/* End PBXContainerItemProxy section */

/* Begin PBXFileReference section */
		9D001B73217EC63D00104861 /* VoiceInputConfiguration.swift */ = {isa = PBXFileReference; lastKnownFileType = sourcecode.swift; path = VoiceInputConfiguration.swift; sourceTree = "<group>"; };
		9D001B7921806A0000104861 /* SimpleButton.framework */ = {isa = PBXFileReference; lastKnownFileType = wrapper.framework; name = SimpleButton.framework; path = Carthage/Build/iOS/SimpleButton.framework; sourceTree = "<group>"; };
		9D001B7A21806A0000104861 /* CircleView.framework */ = {isa = PBXFileReference; lastKnownFileType = wrapper.framework; name = CircleView.framework; path = Carthage/Build/iOS/CircleView.framework; sourceTree = "<group>"; };
		9D76B7C621CE7EE600A516C6 /* CircleView.swift */ = {isa = PBXFileReference; fileEncoding = 4; lastKnownFileType = sourcecode.swift; path = CircleView.swift; sourceTree = "<group>"; };
		9D76B7C821CE7EE600A516C6 /* CircleViewDelegate.swift */ = {isa = PBXFileReference; fileEncoding = 4; lastKnownFileType = sourcecode.swift; path = CircleViewDelegate.swift; sourceTree = "<group>"; };
		9D76B7CD21CE7EF100A516C6 /* SimpleButton.swift */ = {isa = PBXFileReference; fileEncoding = 4; lastKnownFileType = sourcecode.swift; path = SimpleButton.swift; sourceTree = "<group>"; };
		9DD98B7221245D630050F376 /* VoiceInput.framework */ = {isa = PBXFileReference; explicitFileType = wrapper.framework; includeInIndex = 0; path = VoiceInput.framework; sourceTree = BUILT_PRODUCTS_DIR; };
		9DD98B7621245D630050F376 /* Info.plist */ = {isa = PBXFileReference; lastKnownFileType = text.plist.xml; path = Info.plist; sourceTree = "<group>"; };
		9DD98B8121245D730050F376 /* Example.app */ = {isa = PBXFileReference; explicitFileType = wrapper.application; includeInIndex = 0; path = Example.app; sourceTree = BUILT_PRODUCTS_DIR; };
		9DD98B8321245D730050F376 /* AppDelegate.swift */ = {isa = PBXFileReference; lastKnownFileType = sourcecode.swift; path = AppDelegate.swift; sourceTree = "<group>"; };
		9DD98B8521245D740050F376 /* ViewController.swift */ = {isa = PBXFileReference; lastKnownFileType = sourcecode.swift; path = ViewController.swift; sourceTree = "<group>"; };
		9DD98B8821245D740050F376 /* Base */ = {isa = PBXFileReference; lastKnownFileType = file.storyboard; name = Base; path = Base.lproj/Main.storyboard; sourceTree = "<group>"; };
		9DD98B8A21245D740050F376 /* Assets.xcassets */ = {isa = PBXFileReference; lastKnownFileType = folder.assetcatalog; path = Assets.xcassets; sourceTree = "<group>"; };
		9DD98B8D21245D740050F376 /* Base */ = {isa = PBXFileReference; lastKnownFileType = file.storyboard; name = Base; path = Base.lproj/LaunchScreen.storyboard; sourceTree = "<group>"; };
		9DD98B8F21245D740050F376 /* Info.plist */ = {isa = PBXFileReference; lastKnownFileType = text.plist.xml; path = Info.plist; sourceTree = "<group>"; };
		9DD98B9421245D8F0050F376 /* VoiceInput.swift */ = {isa = PBXFileReference; fileEncoding = 4; lastKnownFileType = sourcecode.swift; path = VoiceInput.swift; sourceTree = "<group>"; };
		9DD98C5F2126EDEE0050F376 /* VoiceInputDelegate.swift */ = {isa = PBXFileReference; lastKnownFileType = sourcecode.swift; path = VoiceInputDelegate.swift; sourceTree = "<group>"; };
		9DD98C612126F0170050F376 /* VoiceManager.swift */ = {isa = PBXFileReference; fileEncoding = 4; lastKnownFileType = sourcecode.swift; path = VoiceManager.swift; sourceTree = "<group>"; };
/* End PBXFileReference section */

/* Begin PBXFrameworksBuildPhase section */
		9DD98B6E21245D630050F376 /* Frameworks */ = {
			isa = PBXFrameworksBuildPhase;
			buildActionMask = 2147483647;
			files = (
			);
			runOnlyForDeploymentPostprocessing = 0;
		};
		9DD98B7E21245D730050F376 /* Frameworks */ = {
			isa = PBXFrameworksBuildPhase;
			buildActionMask = 2147483647;
			files = (
			);
			runOnlyForDeploymentPostprocessing = 0;
		};
/* End PBXFrameworksBuildPhase section */

/* Begin PBXGroup section */
		9D76B7C521CE7EE600A516C6 /* CircleView */ = {
			isa = PBXGroup;
			children = (
				9D76B7C621CE7EE600A516C6 /* CircleView.swift */,
				9D76B7C821CE7EE600A516C6 /* CircleViewDelegate.swift */,
			);
			path = CircleView;
			sourceTree = "<group>";
		};
		9D76B7CC21CE7EF100A516C6 /* SimpleButton */ = {
			isa = PBXGroup;
			children = (
				9D76B7CD21CE7EF100A516C6 /* SimpleButton.swift */,
			);
			path = SimpleButton;
			sourceTree = "<group>";
		};
		9DD98B6821245D630050F376 = {
			isa = PBXGroup;
			children = (
				9DD98B7421245D630050F376 /* VoiceInput */,
				9DD98B8221245D730050F376 /* Example */,
				9DD98B7321245D630050F376 /* Products */,
				9DD98B97212469B50050F376 /* Frameworks */,
			);
			sourceTree = "<group>";
		};
		9DD98B7321245D630050F376 /* Products */ = {
			isa = PBXGroup;
			children = (
				9DD98B7221245D630050F376 /* VoiceInput.framework */,
				9DD98B8121245D730050F376 /* Example.app */,
			);
			name = Products;
			sourceTree = "<group>";
		};
		9DD98B7421245D630050F376 /* VoiceInput */ = {
			isa = PBXGroup;
			children = (
				9D76B7CC21CE7EF100A516C6 /* SimpleButton */,
				9D76B7C521CE7EE600A516C6 /* CircleView */,
				9DD98C612126F0170050F376 /* VoiceManager.swift */,
				9DD98B9421245D8F0050F376 /* VoiceInput.swift */,
				9DD98B7621245D630050F376 /* Info.plist */,
				9DD98C5F2126EDEE0050F376 /* VoiceInputDelegate.swift */,
				9D001B73217EC63D00104861 /* VoiceInputConfiguration.swift */,
			);
			path = VoiceInput;
			sourceTree = "<group>";
		};
		9DD98B8221245D730050F376 /* Example */ = {
			isa = PBXGroup;
			children = (
				9DD98B8321245D730050F376 /* AppDelegate.swift */,
				9DD98B8521245D740050F376 /* ViewController.swift */,
				9DD98B8721245D740050F376 /* Main.storyboard */,
				9DD98B8A21245D740050F376 /* Assets.xcassets */,
				9DD98B8C21245D740050F376 /* LaunchScreen.storyboard */,
				9DD98B8F21245D740050F376 /* Info.plist */,
			);
			path = Example;
			sourceTree = "<group>";
		};
		9DD98B97212469B50050F376 /* Frameworks */ = {
			isa = PBXGroup;
			children = (
				9D001B7A21806A0000104861 /* CircleView.framework */,
				9D001B7921806A0000104861 /* SimpleButton.framework */,
			);
			name = Frameworks;
			sourceTree = "<group>";
		};
/* End PBXGroup section */

/* Begin PBXHeadersBuildPhase section */
		9DD98B6F21245D630050F376 /* Headers */ = {
			isa = PBXHeadersBuildPhase;
			buildActionMask = 2147483647;
			files = (
			);
			runOnlyForDeploymentPostprocessing = 0;
		};
/* End PBXHeadersBuildPhase section */

/* Begin PBXNativeTarget section */
		9DD98B7121245D630050F376 /* VoiceInput */ = {
			isa = PBXNativeTarget;
			buildConfigurationList = 9DD98B7A21245D630050F376 /* Build configuration list for PBXNativeTarget "VoiceInput" */;
			buildPhases = (
				9DD98B6D21245D630050F376 /* Sources */,
				9DD98B6E21245D630050F376 /* Frameworks */,
				9DD98B6F21245D630050F376 /* Headers */,
				9DD98B7021245D630050F376 /* Resources */,
			);
			buildRules = (
			);
			dependencies = (
			);
			name = VoiceInput;
			productName = VoiceInput;
			productReference = 9DD98B7221245D630050F376 /* VoiceInput.framework */;
			productType = "com.apple.product-type.framework";
		};
		9DD98B8021245D730050F376 /* Example */ = {
			isa = PBXNativeTarget;
			buildConfigurationList = 9DD98B9021245D740050F376 /* Build configuration list for PBXNativeTarget "Example" */;
			buildPhases = (
				9DD98B7D21245D730050F376 /* Sources */,
				9DD98B7E21245D730050F376 /* Frameworks */,
				9DD98B7F21245D730050F376 /* Resources */,
			);
			buildRules = (
			);
			dependencies = (
				9D2407B121D91582006814D0 /* PBXTargetDependency */,
			);
			name = Example;
			productName = Example;
			productReference = 9DD98B8121245D730050F376 /* Example.app */;
			productType = "com.apple.product-type.application";
		};
/* End PBXNativeTarget section */

/* Begin PBXProject section */
		9DD98B6921245D630050F376 /* Project object */ = {
			isa = PBXProject;
			attributes = {
				LastSwiftUpdateCheck = 0940;
				LastUpgradeCheck = 1010;
				ORGANIZATIONNAME = finstao;
				TargetAttributes = {
					9DD98B7121245D630050F376 = {
						CreatedOnToolsVersion = 9.4.1;
						LastSwiftMigration = 0940;
					};
					9DD98B8021245D730050F376 = {
						CreatedOnToolsVersion = 9.4.1;
					};
				};
			};
			buildConfigurationList = 9DD98B6C21245D630050F376 /* Build configuration list for PBXProject "VoiceInput" */;
			compatibilityVersion = "Xcode 9.3";
			developmentRegion = en;
			hasScannedForEncodings = 0;
			knownRegions = (
				en,
				Base,
			);
			mainGroup = 9DD98B6821245D630050F376;
			productRefGroup = 9DD98B7321245D630050F376 /* Products */;
			projectDirPath = "";
			projectRoot = "";
			targets = (
				9DD98B7121245D630050F376 /* VoiceInput */,
				9DD98B8021245D730050F376 /* Example */,
			);
		};
/* End PBXProject section */

/* Begin PBXResourcesBuildPhase section */
		9DD98B7021245D630050F376 /* Resources */ = {
			isa = PBXResourcesBuildPhase;
			buildActionMask = 2147483647;
			files = (
			);
			runOnlyForDeploymentPostprocessing = 0;
		};
		9DD98B7F21245D730050F376 /* Resources */ = {
			isa = PBXResourcesBuildPhase;
			buildActionMask = 2147483647;
			files = (
				9DD98B8E21245D740050F376 /* LaunchScreen.storyboard in Resources */,
				9DD98B8B21245D740050F376 /* Assets.xcassets in Resources */,
				9DD98B8921245D740050F376 /* Main.storyboard in Resources */,
			);
			runOnlyForDeploymentPostprocessing = 0;
		};
/* End PBXResourcesBuildPhase section */

/* Begin PBXSourcesBuildPhase section */
		9DD98B6D21245D630050F376 /* Sources */ = {
			isa = PBXSourcesBuildPhase;
			buildActionMask = 2147483647;
			files = (
				9D62928A2126F7BB00D2AF32 /* VoiceManager.swift in Sources */,
				9D76B7CB21CE7EE600A516C6 /* CircleViewDelegate.swift in Sources */,
				9D76B7C921CE7EE600A516C6 /* CircleView.swift in Sources */,
				9D76B7CF21CE7EF100A516C6 /* SimpleButton.swift in Sources */,
				9D62928B2126F7BB00D2AF32 /* VoiceInput.swift in Sources */,
				9D001B74217EC63D00104861 /* VoiceInputConfiguration.swift in Sources */,
				9D62928C2126F7BB00D2AF32 /* VoiceInputDelegate.swift in Sources */,
			);
			runOnlyForDeploymentPostprocessing = 0;
		};
		9DD98B7D21245D730050F376 /* Sources */ = {
			isa = PBXSourcesBuildPhase;
			buildActionMask = 2147483647;
			files = (
				9DD98B8621245D740050F376 /* ViewController.swift in Sources */,
				9DD98B8421245D730050F376 /* AppDelegate.swift in Sources */,
			);
			runOnlyForDeploymentPostprocessing = 0;
		};
/* End PBXSourcesBuildPhase section */

/* Begin PBXTargetDependency section */
		9D2407B121D91582006814D0 /* PBXTargetDependency */ = {
			isa = PBXTargetDependency;
			target = 9DD98B7121245D630050F376 /* VoiceInput */;
			targetProxy = 9D2407B021D91582006814D0 /* PBXContainerItemProxy */;
		};
/* End PBXTargetDependency section */

/* Begin PBXVariantGroup section */
		9DD98B8721245D740050F376 /* Main.storyboard */ = {
			isa = PBXVariantGroup;
			children = (
				9DD98B8821245D740050F376 /* Base */,
			);
			name = Main.storyboard;
			sourceTree = "<group>";
		};
		9DD98B8C21245D740050F376 /* LaunchScreen.storyboard */ = {
			isa = PBXVariantGroup;
			children = (
				9DD98B8D21245D740050F376 /* Base */,
			);
			name = LaunchScreen.storyboard;
			sourceTree = "<group>";
		};
/* End PBXVariantGroup section */

/* Begin XCBuildConfiguration section */
		9DD98B7821245D630050F376 /* Debug */ = {
			isa = XCBuildConfiguration;
			buildSettings = {
				ALWAYS_SEARCH_USER_PATHS = NO;
				CLANG_ANALYZER_NONNULL = YES;
				CLANG_ANALYZER_NUMBER_OBJECT_CONVERSION = YES_AGGRESSIVE;
				CLANG_CXX_LANGUAGE_STANDARD = "gnu++14";
				CLANG_CXX_LIBRARY = "libc++";
				CLANG_ENABLE_MODULES = YES;
				CLANG_ENABLE_OBJC_ARC = YES;
				CLANG_ENABLE_OBJC_WEAK = YES;
				CLANG_WARN_BLOCK_CAPTURE_AUTORELEASING = YES;
				CLANG_WARN_BOOL_CONVERSION = YES;
				CLANG_WARN_COMMA = YES;
				CLANG_WARN_CONSTANT_CONVERSION = YES;
				CLANG_WARN_DEPRECATED_OBJC_IMPLEMENTATIONS = YES;
				CLANG_WARN_DIRECT_OBJC_ISA_USAGE = YES_ERROR;
				CLANG_WARN_DOCUMENTATION_COMMENTS = YES;
				CLANG_WARN_EMPTY_BODY = YES;
				CLANG_WARN_ENUM_CONVERSION = YES;
				CLANG_WARN_INFINITE_RECURSION = YES;
				CLANG_WARN_INT_CONVERSION = YES;
				CLANG_WARN_NON_LITERAL_NULL_CONVERSION = YES;
				CLANG_WARN_OBJC_IMPLICIT_RETAIN_SELF = YES;
				CLANG_WARN_OBJC_LITERAL_CONVERSION = YES;
				CLANG_WARN_OBJC_ROOT_CLASS = YES_ERROR;
				CLANG_WARN_RANGE_LOOP_ANALYSIS = YES;
				CLANG_WARN_STRICT_PROTOTYPES = YES;
				CLANG_WARN_SUSPICIOUS_MOVE = YES;
				CLANG_WARN_UNGUARDED_AVAILABILITY = YES_AGGRESSIVE;
				CLANG_WARN_UNREACHABLE_CODE = YES;
				CLANG_WARN__DUPLICATE_METHOD_MATCH = YES;
				CODE_SIGN_IDENTITY = "iPhone Developer";
				COPY_PHASE_STRIP = NO;
				CURRENT_PROJECT_VERSION = 1;
				DEBUG_INFORMATION_FORMAT = dwarf;
				ENABLE_STRICT_OBJC_MSGSEND = YES;
				ENABLE_TESTABILITY = YES;
				GCC_C_LANGUAGE_STANDARD = gnu11;
				GCC_DYNAMIC_NO_PIC = NO;
				GCC_NO_COMMON_BLOCKS = YES;
				GCC_OPTIMIZATION_LEVEL = 0;
				GCC_PREPROCESSOR_DEFINITIONS = (
					"DEBUG=1",
					"$(inherited)",
				);
				GCC_WARN_64_TO_32_BIT_CONVERSION = YES;
				GCC_WARN_ABOUT_RETURN_TYPE = YES_ERROR;
				GCC_WARN_UNDECLARED_SELECTOR = YES;
				GCC_WARN_UNINITIALIZED_AUTOS = YES_AGGRESSIVE;
				GCC_WARN_UNUSED_FUNCTION = YES;
				GCC_WARN_UNUSED_VARIABLE = YES;
				IPHONEOS_DEPLOYMENT_TARGET = 8.0;
				MTL_ENABLE_DEBUG_INFO = YES;
				ONLY_ACTIVE_ARCH = YES;
				SDKROOT = iphoneos;
				SWIFT_ACTIVE_COMPILATION_CONDITIONS = DEBUG;
				SWIFT_OPTIMIZATION_LEVEL = "-Onone";
				VERSIONING_SYSTEM = "apple-generic";
				VERSION_INFO_PREFIX = "";
			};
			name = Debug;
		};
		9DD98B7921245D630050F376 /* Release */ = {
			isa = XCBuildConfiguration;
			buildSettings = {
				ALWAYS_SEARCH_USER_PATHS = NO;
				CLANG_ANALYZER_NONNULL = YES;
				CLANG_ANALYZER_NUMBER_OBJECT_CONVERSION = YES_AGGRESSIVE;
				CLANG_CXX_LANGUAGE_STANDARD = "gnu++14";
				CLANG_CXX_LIBRARY = "libc++";
				CLANG_ENABLE_MODULES = YES;
				CLANG_ENABLE_OBJC_ARC = YES;
				CLANG_ENABLE_OBJC_WEAK = YES;
				CLANG_WARN_BLOCK_CAPTURE_AUTORELEASING = YES;
				CLANG_WARN_BOOL_CONVERSION = YES;
				CLANG_WARN_COMMA = YES;
				CLANG_WARN_CONSTANT_CONVERSION = YES;
				CLANG_WARN_DEPRECATED_OBJC_IMPLEMENTATIONS = YES;
				CLANG_WARN_DIRECT_OBJC_ISA_USAGE = YES_ERROR;
				CLANG_WARN_DOCUMENTATION_COMMENTS = YES;
				CLANG_WARN_EMPTY_BODY = YES;
				CLANG_WARN_ENUM_CONVERSION = YES;
				CLANG_WARN_INFINITE_RECURSION = YES;
				CLANG_WARN_INT_CONVERSION = YES;
				CLANG_WARN_NON_LITERAL_NULL_CONVERSION = YES;
				CLANG_WARN_OBJC_IMPLICIT_RETAIN_SELF = YES;
				CLANG_WARN_OBJC_LITERAL_CONVERSION = YES;
				CLANG_WARN_OBJC_ROOT_CLASS = YES_ERROR;
				CLANG_WARN_RANGE_LOOP_ANALYSIS = YES;
				CLANG_WARN_STRICT_PROTOTYPES = YES;
				CLANG_WARN_SUSPICIOUS_MOVE = YES;
				CLANG_WARN_UNGUARDED_AVAILABILITY = YES_AGGRESSIVE;
				CLANG_WARN_UNREACHABLE_CODE = YES;
				CLANG_WARN__DUPLICATE_METHOD_MATCH = YES;
				CODE_SIGN_IDENTITY = "iPhone Developer";
				COPY_PHASE_STRIP = NO;
				CURRENT_PROJECT_VERSION = 1;
				DEBUG_INFORMATION_FORMAT = "dwarf-with-dsym";
				ENABLE_NS_ASSERTIONS = NO;
				ENABLE_STRICT_OBJC_MSGSEND = YES;
				GCC_C_LANGUAGE_STANDARD = gnu11;
				GCC_NO_COMMON_BLOCKS = YES;
				GCC_WARN_64_TO_32_BIT_CONVERSION = YES;
				GCC_WARN_ABOUT_RETURN_TYPE = YES_ERROR;
				GCC_WARN_UNDECLARED_SELECTOR = YES;
				GCC_WARN_UNINITIALIZED_AUTOS = YES_AGGRESSIVE;
				GCC_WARN_UNUSED_FUNCTION = YES;
				GCC_WARN_UNUSED_VARIABLE = YES;
				IPHONEOS_DEPLOYMENT_TARGET = 8.0;
				MTL_ENABLE_DEBUG_INFO = NO;
				SDKROOT = iphoneos;
				SWIFT_COMPILATION_MODE = wholemodule;
				SWIFT_OPTIMIZATION_LEVEL = "-O";
				VALIDATE_PRODUCT = YES;
				VERSIONING_SYSTEM = "apple-generic";
				VERSION_INFO_PREFIX = "";
			};
			name = Release;
		};
		9DD98B7B21245D630050F376 /* Debug */ = {
			isa = XCBuildConfiguration;
			buildSettings = {
				ALWAYS_EMBED_SWIFT_STANDARD_LIBRARIES = YES;
				CLANG_ENABLE_MODULES = YES;
				CODE_SIGN_IDENTITY = "";
				CODE_SIGN_STYLE = Manual;
				DEFINES_MODULE = YES;
				DEVELOPMENT_TEAM = N276SVAZ33;
				DYLIB_COMPATIBILITY_VERSION = 1;
				DYLIB_CURRENT_VERSION = 1;
				DYLIB_INSTALL_NAME_BASE = "@rpath";
				FRAMEWORK_SEARCH_PATHS = "$(PROJECT_DIR)/Carthage/Build/iOS";
				INFOPLIST_FILE = VoiceInput/Info.plist;
				INSTALL_PATH = "$(LOCAL_LIBRARY_DIR)/Frameworks";
				IPHONEOS_DEPLOYMENT_TARGET = 8.0;
				LD_RUNPATH_SEARCH_PATHS = (
					"$(inherited)",
					"@executable_path/Frameworks",
					"@loader_path/Frameworks",
				);
				MACH_O_TYPE = mh_dylib;
				PRODUCT_BUNDLE_IDENTIFIER = com.finstao.VoiceInput;
				PRODUCT_NAME = "$(TARGET_NAME:c99extidentifier)";
				PROVISIONING_PROFILE_SPECIFIER = "";
				SDKROOT = iphoneos;
				SKIP_INSTALL = YES;
				SWIFT_OPTIMIZATION_LEVEL = "-Onone";
				SWIFT_VERSION = 4.2;
				TARGETED_DEVICE_FAMILY = "1,2";
			};
			name = Debug;
		};
		9DD98B7C21245D630050F376 /* Release */ = {
			isa = XCBuildConfiguration;
			buildSettings = {
				ALWAYS_EMBED_SWIFT_STANDARD_LIBRARIES = YES;
				CLANG_ENABLE_MODULES = YES;
				CODE_SIGN_IDENTITY = "";
				CODE_SIGN_STYLE = Manual;
				DEFINES_MODULE = YES;
				DEVELOPMENT_TEAM = N276SVAZ33;
				DYLIB_COMPATIBILITY_VERSION = 1;
				DYLIB_CURRENT_VERSION = 1;
				DYLIB_INSTALL_NAME_BASE = "@rpath";
				FRAMEWORK_SEARCH_PATHS = "$(PROJECT_DIR)/Carthage/Build/iOS";
				INFOPLIST_FILE = VoiceInput/Info.plist;
				INSTALL_PATH = "$(LOCAL_LIBRARY_DIR)/Frameworks";
				IPHONEOS_DEPLOYMENT_TARGET = 8.0;
				LD_RUNPATH_SEARCH_PATHS = (
					"$(inherited)",
					"@executable_path/Frameworks",
					"@loader_path/Frameworks",
				);
				MACH_O_TYPE = mh_dylib;
				PRODUCT_BUNDLE_IDENTIFIER = com.finstao.VoiceInput;
				PRODUCT_NAME = "$(TARGET_NAME:c99extidentifier)";
				PROVISIONING_PROFILE_SPECIFIER = "";
				SDKROOT = iphoneos;
				SKIP_INSTALL = YES;
				SWIFT_VERSION = 4.2;
				TARGETED_DEVICE_FAMILY = "1,2";
			};
			name = Release;
		};
		9DD98B9121245D740050F376 /* Debug */ = {
			isa = XCBuildConfiguration;
			buildSettings = {
				ASSETCATALOG_COMPILER_APPICON_NAME = AppIcon;
				CODE_SIGN_STYLE = Manual;
				DEVELOPMENT_TEAM = N276SVAZ33;
				FRAMEWORK_SEARCH_PATHS = (
					"$(inherited)",
					"$(PROJECT_DIR)/Carthage/Build/iOS",
				);
				INFOPLIST_FILE = Example/Info.plist;
				IPHONEOS_DEPLOYMENT_TARGET = 9.0;
				LD_RUNPATH_SEARCH_PATHS = (
					"$(inherited)",
					"@executable_path/Frameworks",
				);
				PRODUCT_BUNDLE_IDENTIFIER = com.finstao.dev;
				PRODUCT_NAME = "$(TARGET_NAME)";
				PROVISIONING_PROFILE = "3fac3add-9f02-4418-8643-e17f372e3924";
				PROVISIONING_PROFILE_SPECIFIER = "Finstao Dev";
				SWIFT_VERSION = 4.2;
				TARGETED_DEVICE_FAMILY = "1,2";
			};
			name = Debug;
		};
		9DD98B9221245D740050F376 /* Release */ = {
			isa = XCBuildConfiguration;
			buildSettings = {
				ASSETCATALOG_COMPILER_APPICON_NAME = AppIcon;
				CODE_SIGN_STYLE = Manual;
				DEVELOPMENT_TEAM = N276SVAZ33;
				FRAMEWORK_SEARCH_PATHS = (
					"$(inherited)",
					"$(PROJECT_DIR)/Carthage/Build/iOS",
				);
				INFOPLIST_FILE = Example/Info.plist;
				IPHONEOS_DEPLOYMENT_TARGET = 9.0;
				LD_RUNPATH_SEARCH_PATHS = (
					"$(inherited)",
					"@executable_path/Frameworks",
				);
				PRODUCT_BUNDLE_IDENTIFIER = com.finstao.dev;
				PRODUCT_NAME = "$(TARGET_NAME)";
				PROVISIONING_PROFILE = "3fac3add-9f02-4418-8643-e17f372e3924";
				PROVISIONING_PROFILE_SPECIFIER = "Finstao Dev";
				SWIFT_VERSION = 4.2;
				TARGETED_DEVICE_FAMILY = "1,2";
			};
			name = Release;
		};
/* End XCBuildConfiguration section */

/* Begin XCConfigurationList section */
		9DD98B6C21245D630050F376 /* Build configuration list for PBXProject "VoiceInput" */ = {
			isa = XCConfigurationList;
			buildConfigurations = (
				9DD98B7821245D630050F376 /* Debug */,
				9DD98B7921245D630050F376 /* Release */,
			);
			defaultConfigurationIsVisible = 0;
			defaultConfigurationName = Release;
		};
		9DD98B7A21245D630050F376 /* Build configuration list for PBXNativeTarget "VoiceInput" */ = {
			isa = XCConfigurationList;
			buildConfigurations = (
				9DD98B7B21245D630050F376 /* Debug */,
				9DD98B7C21245D630050F376 /* Release */,
			);
			defaultConfigurationIsVisible = 0;
			defaultConfigurationName = Release;
		};
		9DD98B9021245D740050F376 /* Build configuration list for PBXNativeTarget "Example" */ = {
			isa = XCConfigurationList;
			buildConfigurations = (
				9DD98B9121245D740050F376 /* Debug */,
				9DD98B9221245D740050F376 /* Release */,
			);
			defaultConfigurationIsVisible = 0;
			defaultConfigurationName = Release;
		};
/* End XCConfigurationList section */
	};
	rootObject = 9DD98B6921245D630050F376 /* Project object */;
}
